// !$*UTF8*$!
{
	archiveVersion = 1;
	classes = {
	};
	objectVersion = 50;
	objects = {

/* Begin PBXBuildFile section */
		7C07508821C73CAA0067106D /* SkinHistoryViewController.swift in Sources */ = {isa = PBXBuildFile; fileRef = 7C07508721C73CAA0067106D /* SkinHistoryViewController.swift */; };
		7C07508A21C7C0C70067106D /* SkinHistoryCollectionViewCell.swift in Sources */ = {isa = PBXBuildFile; fileRef = 7C07508921C7C0C70067106D /* SkinHistoryCollectionViewCell.swift */; };
		7C659BCC219363B9002FA86A /* AppDelegate.swift in Sources */ = {isa = PBXBuildFile; fileRef = 7C659BCB219363B9002FA86A /* AppDelegate.swift */; };
		7C659BCE219363B9002FA86A /* ViewController.swift in Sources */ = {isa = PBXBuildFile; fileRef = 7C659BCD219363B9002FA86A /* ViewController.swift */; };
		7C659BD1219363B9002FA86A /* Main.storyboard in Resources */ = {isa = PBXBuildFile; fileRef = 7C659BCF219363B9002FA86A /* Main.storyboard */; };
		7C659BD4219363B9002FA86A /* CSGOFloat.xcdatamodeld in Sources */ = {isa = PBXBuildFile; fileRef = 7C659BD2219363B9002FA86A /* CSGOFloat.xcdatamodeld */; };
		7C659BD6219363BB002FA86A /* Assets.xcassets in Resources */ = {isa = PBXBuildFile; fileRef = 7C659BD5219363BB002FA86A /* Assets.xcassets */; };
		7C659BD9219363BB002FA86A /* LaunchScreen.storyboard in Resources */ = {isa = PBXBuildFile; fileRef = 7C659BD7219363BB002FA86A /* LaunchScreen.storyboard */; };
		7C659BE1219373FF002FA86A /* WeaponSkin.swift in Sources */ = {isa = PBXBuildFile; fileRef = 7C659BE0219373FF002FA86A /* WeaponSkin.swift */; };
		7C67BDD9219460400025E535 /* SkinModel.swift in Sources */ = {isa = PBXBuildFile; fileRef = 7C67BDD8219460400025E535 /* SkinModel.swift */; };
/* End PBXBuildFile section */

/* Begin PBXFileReference section */
		7C07508721C73CAA0067106D /* SkinHistoryViewController.swift */ = {isa = PBXFileReference; lastKnownFileType = sourcecode.swift; path = SkinHistoryViewController.swift; sourceTree = "<group>"; };
		7C07508921C7C0C70067106D /* SkinHistoryCollectionViewCell.swift */ = {isa = PBXFileReference; lastKnownFileType = sourcecode.swift; path = SkinHistoryCollectionViewCell.swift; sourceTree = "<group>"; };
		7C659BC8219363B9002FA86A /* CSGOFloat.app */ = {isa = PBXFileReference; explicitFileType = wrapper.application; includeInIndex = 0; path = CSGOFloat.app; sourceTree = BUILT_PRODUCTS_DIR; };
		7C659BCB219363B9002FA86A /* AppDelegate.swift */ = {isa = PBXFileReference; lastKnownFileType = sourcecode.swift; path = AppDelegate.swift; sourceTree = "<group>"; };
		7C659BCD219363B9002FA86A /* ViewController.swift */ = {isa = PBXFileReference; lastKnownFileType = sourcecode.swift; path = ViewController.swift; sourceTree = "<group>"; };
		7C659BD0219363B9002FA86A /* Base */ = {isa = PBXFileReference; lastKnownFileType = file.storyboard; name = Base; path = Base.lproj/Main.storyboard; sourceTree = "<group>"; };
		7C659BD3219363B9002FA86A /* CSGOFloat.xcdatamodel */ = {isa = PBXFileReference; lastKnownFileType = wrapper.xcdatamodel; path = CSGOFloat.xcdatamodel; sourceTree = "<group>"; };
		7C659BD5219363BB002FA86A /* Assets.xcassets */ = {isa = PBXFileReference; lastKnownFileType = folder.assetcatalog; path = Assets.xcassets; sourceTree = "<group>"; };
		7C659BD8219363BB002FA86A /* Base */ = {isa = PBXFileReference; lastKnownFileType = file.storyboard; name = Base; path = Base.lproj/LaunchScreen.storyboard; sourceTree = "<group>"; };
		7C659BDA219363BB002FA86A /* Info.plist */ = {isa = PBXFileReference; lastKnownFileType = text.plist.xml; path = Info.plist; sourceTree = "<group>"; };
		7C659BE0219373FF002FA86A /* WeaponSkin.swift */ = {isa = PBXFileReference; lastKnownFileType = sourcecode.swift; path = WeaponSkin.swift; sourceTree = "<group>"; };
		7C67BDD8219460400025E535 /* SkinModel.swift */ = {isa = PBXFileReference; lastKnownFileType = sourcecode.swift; path = SkinModel.swift; sourceTree = "<group>"; };
/* End PBXFileReference section */

/* Begin PBXFrameworksBuildPhase section */
		7C659BC5219363B9002FA86A /* Frameworks */ = {
			isa = PBXFrameworksBuildPhase;
			buildActionMask = 2147483647;
			files = (
			);
			runOnlyForDeploymentPostprocessing = 0;
		};
/* End PBXFrameworksBuildPhase section */

/* Begin PBXGroup section */
		7C659BBF219363B9002FA86A = {
			isa = PBXGroup;
			children = (
				7C659BCA219363B9002FA86A /* CSGOFloat */,
				7C659BC9219363B9002FA86A /* Products */,
			);
			sourceTree = "<group>";
		};
		7C659BC9219363B9002FA86A /* Products */ = {
			isa = PBXGroup;
			children = (
				7C659BC8219363B9002FA86A /* CSGOFloat.app */,
			);
			name = Products;
			sourceTree = "<group>";
		};
		7C659BCA219363B9002FA86A /* CSGOFloat */ = {
			isa = PBXGroup;
			children = (
				7C659BCB219363B9002FA86A /* AppDelegate.swift */,
				7C659BCD219363B9002FA86A /* ViewController.swift */,
				7C659BE0219373FF002FA86A /* WeaponSkin.swift */,
				7C67BDD8219460400025E535 /* SkinModel.swift */,
				7C659BCF219363B9002FA86A /* Main.storyboard */,
				7C07508721C73CAA0067106D /* SkinHistoryViewController.swift */,
				7C07508921C7C0C70067106D /* SkinHistoryCollectionViewCell.swift */,
				7C659BD5219363BB002FA86A /* Assets.xcassets */,
				7C659BD7219363BB002FA86A /* LaunchScreen.storyboard */,
				7C659BDA219363BB002FA86A /* Info.plist */,
				7C659BD2219363B9002FA86A /* CSGOFloat.xcdatamodeld */,
			);
			path = CSGOFloat;
			sourceTree = "<group>";
		};
/* End PBXGroup section */

/* Begin PBXNativeTarget section */
		7C659BC7219363B9002FA86A /* CSGOFloat */ = {
			isa = PBXNativeTarget;
			buildConfigurationList = 7C659BDD219363BB002FA86A /* Build configuration list for PBXNativeTarget "CSGOFloat" */;
			buildPhases = (
				7C659BC4219363B9002FA86A /* Sources */,
				7C659BC5219363B9002FA86A /* Frameworks */,
				7C659BC6219363B9002FA86A /* Resources */,
			);
			buildRules = (
			);
			dependencies = (
			);
			name = CSGOFloat;
			productName = CSGOFloat;
			productReference = 7C659BC8219363B9002FA86A /* CSGOFloat.app */;
			productType = "com.apple.product-type.application";
		};
/* End PBXNativeTarget section */

/* Begin PBXProject section */
		7C659BC0219363B9002FA86A /* Project object */ = {
			isa = PBXProject;
			attributes = {
				LastSwiftUpdateCheck = 1010;
				LastUpgradeCheck = 1010;
				ORGANIZATIONNAME = "Tomas Martins";
				TargetAttributes = {
					7C659BC7219363B9002FA86A = {
						CreatedOnToolsVersion = 10.1;
					};
				};
			};
			buildConfigurationList = 7C659BC3219363B9002FA86A /* Build configuration list for PBXProject "CSGOFloat" */;
			compatibilityVersion = "Xcode 9.3";
			developmentRegion = en;
			hasScannedForEncodings = 0;
			knownRegions = (
				en,
				Base,
			);
			mainGroup = 7C659BBF219363B9002FA86A;
			productRefGroup = 7C659BC9219363B9002FA86A /* Products */;
			projectDirPath = "";
			projectRoot = "";
			targets = (
				7C659BC7219363B9002FA86A /* CSGOFloat */,
			);
		};
/* End PBXProject section */

/* Begin PBXResourcesBuildPhase section */
		7C659BC6219363B9002FA86A /* Resources */ = {
			isa = PBXResourcesBuildPhase;
			buildActionMask = 2147483647;
			files = (
				7C659BD9219363BB002FA86A /* LaunchScreen.storyboard in Resources */,
				7C659BD6219363BB002FA86A /* Assets.xcassets in Resources */,
				7C659BD1219363B9002FA86A /* Main.storyboard in Resources */,
			);
			runOnlyForDeploymentPostprocessing = 0;
		};
/* End PBXResourcesBuildPhase section */

/* Begin PBXSourcesBuildPhase section */
		7C659BC4219363B9002FA86A /* Sources */ = {
			isa = PBXSourcesBuildPhase;
			buildActionMask = 2147483647;
			files = (
				7C07508821C73CAA0067106D /* SkinHistoryViewController.swift in Sources */,
				7C659BCE219363B9002FA86A /* ViewController.swift in Sources */,
				7C659BD4219363B9002FA86A /* CSGOFloat.xcdatamodeld in Sources */,
				7C659BE1219373FF002FA86A /* WeaponSkin.swift in Sources */,
				7C67BDD9219460400025E535 /* SkinModel.swift in Sources */,
				7C07508A21C7C0C70067106D /* SkinHistoryCollectionViewCell.swift in Sources */,
				7C659BCC219363B9002FA86A /* AppDelegate.swift in Sources */,
			);
			runOnlyForDeploymentPostprocessing = 0;
		};
/* End PBXSourcesBuildPhase section */

/* Begin PBXVariantGroup section */
		7C659BCF219363B9002FA86A /* Main.storyboard */ = {
			isa = PBXVariantGroup;
			children = (
				7C659BD0219363B9002FA86A /* Base */,
			);
			name = Main.storyboard;
			sourceTree = "<group>";
		};
		7C659BD7219363BB002FA86A /* LaunchScreen.storyboard */ = {
			isa = PBXVariantGroup;
			children = (
				7C659BD8219363BB002FA86A /* Base */,
			);
			name = LaunchScreen.storyboard;
			sourceTree = "<group>";
		};
/* End PBXVariantGroup section */

/* Begin XCBuildConfiguration section */
		7C659BDB219363BB002FA86A /* Debug */ = {
			isa = XCBuildConfiguration;
			buildSettings = {
				ALWAYS_SEARCH_USER_PATHS = NO;
				CLANG_ANALYZER_NONNULL = YES;
				CLANG_ANALYZER_NUMBER_OBJECT_CONVERSION = YES_AGGRESSIVE;
				CLANG_CXX_LANGUAGE_STANDARD = "gnu++14";
				CLANG_CXX_LIBRARY = "libc++";
				CLANG_ENABLE_MODULES = YES;
				CLANG_ENABLE_OBJC_ARC = YES;
				CLANG_ENABLE_OBJC_WEAK = YES;
				CLANG_WARN_BLOCK_CAPTURE_AUTORELEASING = YES;
				CLANG_WARN_BOOL_CONVERSION = YES;
				CLANG_WARN_COMMA = YES;
				CLANG_WARN_CONSTANT_CONVERSION = YES;
				CLANG_WARN_DEPRECATED_OBJC_IMPLEMENTATIONS = YES;
				CLANG_WARN_DIRECT_OBJC_ISA_USAGE = YES_ERROR;
				CLANG_WARN_DOCUMENTATION_COMMENTS = YES;
				CLANG_WARN_EMPTY_BODY = YES;
				CLANG_WARN_ENUM_CONVERSION = YES;
				CLANG_WARN_INFINITE_RECURSION = YES;
				CLANG_WARN_INT_CONVERSION = YES;
				CLANG_WARN_NON_LITERAL_NULL_CONVERSION = YES;
				CLANG_WARN_OBJC_IMPLICIT_RETAIN_SELF = YES;
				CLANG_WARN_OBJC_LITERAL_CONVERSION = YES;
				CLANG_WARN_OBJC_ROOT_CLASS = YES_ERROR;
				CLANG_WARN_RANGE_LOOP_ANALYSIS = YES;
				CLANG_WARN_STRICT_PROTOTYPES = YES;
				CLANG_WARN_SUSPICIOUS_MOVE = YES;
				CLANG_WARN_UNGUARDED_AVAILABILITY = YES_AGGRESSIVE;
				CLANG_WARN_UNREACHABLE_CODE = YES;
				CLANG_WARN__DUPLICATE_METHOD_MATCH = YES;
				CODE_SIGN_IDENTITY = "iPhone Developer";
				COPY_PHASE_STRIP = NO;
				DEBUG_INFORMATION_FORMAT = dwarf;
				ENABLE_STRICT_OBJC_MSGSEND = YES;
				ENABLE_TESTABILITY = YES;
				GCC_C_LANGUAGE_STANDARD = gnu11;
				GCC_DYNAMIC_NO_PIC = NO;
				GCC_NO_COMMON_BLOCKS = YES;
				GCC_OPTIMIZATION_LEVEL = 0;
				GCC_PREPROCESSOR_DEFINITIONS = (
					"DEBUG=1",
					"$(inherited)",
				);
				GCC_WARN_64_TO_32_BIT_CONVERSION = YES;
				GCC_WARN_ABOUT_RETURN_TYPE = YES_ERROR;
				GCC_WARN_UNDECLARED_SELECTOR = YES;
				GCC_WARN_UNINITIALIZED_AUTOS = YES_AGGRESSIVE;
				GCC_WARN_UNUSED_FUNCTION = YES;
				GCC_WARN_UNUSED_VARIABLE = YES;
				IPHONEOS_DEPLOYMENT_TARGET = 12.1;
				MTL_ENABLE_DEBUG_INFO = INCLUDE_SOURCE;
				MTL_FAST_MATH = YES;
				ONLY_ACTIVE_ARCH = YES;
				SDKROOT = iphoneos;
				SWIFT_ACTIVE_COMPILATION_CONDITIONS = DEBUG;
				SWIFT_OPTIMIZATION_LEVEL = "-Onone";
			};
			name = Debug;
		};
		7C659BDC219363BB002FA86A /* Release */ = {
			isa = XCBuildConfiguration;
			buildSettings = {
				ALWAYS_SEARCH_USER_PATHS = NO;
				CLANG_ANALYZER_NONNULL = YES;
				CLANG_ANALYZER_NUMBER_OBJECT_CONVERSION = YES_AGGRESSIVE;
				CLANG_CXX_LANGUAGE_STANDARD = "gnu++14";
				CLANG_CXX_LIBRARY = "libc++";
				CLANG_ENABLE_MODULES = YES;
				CLANG_ENABLE_OBJC_ARC = YES;
				CLANG_ENABLE_OBJC_WEAK = YES;
				CLANG_WARN_BLOCK_CAPTURE_AUTORELEASING = YES;
				CLANG_WARN_BOOL_CONVERSION = YES;
				CLANG_WARN_COMMA = YES;
				CLANG_WARN_CONSTANT_CONVERSION = YES;
				CLANG_WARN_DEPRECATED_OBJC_IMPLEMENTATIONS = YES;
				CLANG_WARN_DIRECT_OBJC_ISA_USAGE = YES_ERROR;
				CLANG_WARN_DOCUMENTATION_COMMENTS = YES;
				CLANG_WARN_EMPTY_BODY = YES;
				CLANG_WARN_ENUM_CONVERSION = YES;
				CLANG_WARN_INFINITE_RECURSION = YES;
				CLANG_WARN_INT_CONVERSION = YES;
				CLANG_WARN_NON_LITERAL_NULL_CONVERSION = YES;
				CLANG_WARN_OBJC_IMPLICIT_RETAIN_SELF = YES;
				CLANG_WARN_OBJC_LITERAL_CONVERSION = YES;
				CLANG_WARN_OBJC_ROOT_CLASS = YES_ERROR;
				CLANG_WARN_RANGE_LOOP_ANALYSIS = YES;
				CLANG_WARN_STRICT_PROTOTYPES = YES;
				CLANG_WARN_SUSPICIOUS_MOVE = YES;
				CLANG_WARN_UNGUARDED_AVAILABILITY = YES_AGGRESSIVE;
				CLANG_WARN_UNREACHABLE_CODE = YES;
				CLANG_WARN__DUPLICATE_METHOD_MATCH = YES;
				CODE_SIGN_IDENTITY = "iPhone Developer";
				COPY_PHASE_STRIP = NO;
				DEBUG_INFORMATION_FORMAT = "dwarf-with-dsym";
				ENABLE_NS_ASSERTIONS = NO;
				ENABLE_STRICT_OBJC_MSGSEND = YES;
				GCC_C_LANGUAGE_STANDARD = gnu11;
				GCC_NO_COMMON_BLOCKS = YES;
				GCC_WARN_64_TO_32_BIT_CONVERSION = YES;
				GCC_WARN_ABOUT_RETURN_TYPE = YES_ERROR;
				GCC_WARN_UNDECLARED_SELECTOR = YES;
				GCC_WARN_UNINITIALIZED_AUTOS = YES_AGGRESSIVE;
				GCC_WARN_UNUSED_FUNCTION = YES;
				GCC_WARN_UNUSED_VARIABLE = YES;
				IPHONEOS_DEPLOYMENT_TARGET = 12.1;
				MTL_ENABLE_DEBUG_INFO = NO;
				MTL_FAST_MATH = YES;
				SDKROOT = iphoneos;
				SWIFT_COMPILATION_MODE = wholemodule;
				SWIFT_OPTIMIZATION_LEVEL = "-O";
				VALIDATE_PRODUCT = YES;
			};
			name = Release;
		};
		7C659BDE219363BB002FA86A /* Debug */ = {
			isa = XCBuildConfiguration;
			buildSettings = {
				ASSETCATALOG_COMPILER_APPICON_NAME = AppIcon;
				CODE_SIGN_STYLE = Automatic;
				DEVELOPMENT_TEAM = ZTGHLM6H83;
				INFOPLIST_FILE = CSGOFloat/Info.plist;
				LD_RUNPATH_SEARCH_PATHS = (
					"$(inherited)",
					"@executable_path/Frameworks",
				);
				PRODUCT_BUNDLE_IDENTIFIER = tfmartins.CSGOFloat;
				PRODUCT_NAME = "$(TARGET_NAME)";
				SWIFT_VERSION = 4.2;
				TARGETED_DEVICE_FAMILY = 1;
			};
			name = Debug;
		};
		7C659BDF219363BB002FA86A /* Release */ = {
			isa = XCBuildConfiguration;
			buildSettings = {
				ASSETCATALOG_COMPILER_APPICON_NAME = AppIcon;
				CODE_SIGN_STYLE = Automatic;
				DEVELOPMENT_TEAM = ZTGHLM6H83;
				INFOPLIST_FILE = CSGOFloat/Info.plist;
				LD_RUNPATH_SEARCH_PATHS = (
					"$(inherited)",
					"@executable_path/Frameworks",
				);
				PRODUCT_BUNDLE_IDENTIFIER = tfmartins.CSGOFloat;
				PRODUCT_NAME = "$(TARGET_NAME)";
				SWIFT_VERSION = 4.2;
				TARGETED_DEVICE_FAMILY = 1;
			};
			name = Release;
		};
/* End XCBuildConfiguration section */

/* Begin XCConfigurationList section */
		7C659BC3219363B9002FA86A /* Build configuration list for PBXProject "CSGOFloat" */ = {
			isa = XCConfigurationList;
			buildConfigurations = (
				7C659BDB219363BB002FA86A /* Debug */,
				7C659BDC219363BB002FA86A /* Release */,
			);
			defaultConfigurationIsVisible = 0;
			defaultConfigurationName = Release;
		};
		7C659BDD219363BB002FA86A /* Build configuration list for PBXNativeTarget "CSGOFloat" */ = {
			isa = XCConfigurationList;
			buildConfigurations = (
				7C659BDE219363BB002FA86A /* Debug */,
				7C659BDF219363BB002FA86A /* Release */,
			);
			defaultConfigurationIsVisible = 0;
			defaultConfigurationName = Release;
		};
/* End XCConfigurationList section */

/* Begin XCVersionGroup section */
		7C659BD2219363B9002FA86A /* CSGOFloat.xcdatamodeld */ = {
			isa = XCVersionGroup;
			children = (
				7C659BD3219363B9002FA86A /* CSGOFloat.xcdatamodel */,
			);
			currentVersion = 7C659BD3219363B9002FA86A /* CSGOFloat.xcdatamodel */;
			path = CSGOFloat.xcdatamodeld;
			sourceTree = "<group>";
			versionGroupType = wrapper.xcdatamodel;
		};
/* End XCVersionGroup section */
	};
	rootObject = 7C659BC0219363B9002FA86A /* Project object */;
}
